// !$*UTF8*$!
{
	archiveVersion = 1;
	classes = {
	};
	objectVersion = 77;
	objects = {

/* Begin PBXBuildFile section */
		03965E8AAC59E3353DC140BC /* OverlayPanel.swift in Sources */ = {isa = PBXBuildFile; fileRef = A8413820BB41A23AD79E540E /* OverlayPanel.swift */; };
		451962E68DE52F18FEBBC1AA /* AppDelegate.swift in Sources */ = {isa = PBXBuildFile; fileRef = 9D6FA1BACB55D93ED03F5355 /* AppDelegate.swift */; };
		4A6D9404169318FCA429D03D /* SwipeTypeMacApp.swift in Sources */ = {isa = PBXBuildFile; fileRef = E1D0687D5C8C916E1262E146 /* SwipeTypeMacApp.swift */; };
		7CE656C6F0CDC5D6BEE0D313 /* SwipeEngineBridge.swift in Sources */ = {isa = PBXBuildFile; fileRef = 31035E3696B36157ED2FD215 /* SwipeEngineBridge.swift */; };
		AE6DA318FDCFFEE7BBA728E6 /* word_freq.txt in Resources */ = {isa = PBXBuildFile; fileRef = FC766E5C49DA46CAE662F7F8 /* word_freq.txt */; };
		BABF4F277C8539BD58DDB996 /* AppState.swift in Sources */ = {isa = PBXBuildFile; fileRef = 54B48C138D89A4BC36E661DE /* AppState.swift */; };
		D9217F2E4A649537A3B13581 /* ContentView.swift in Sources */ = {isa = PBXBuildFile; fileRef = 20282FD7D55B950A8211D235 /* ContentView.swift */; };
		F1B6F6500CAAFF4FDA06EE53 /* PermissionManager.swift in Sources */ = {isa = PBXBuildFile; fileRef = F38525FB89AFF5F9856CCD7F /* PermissionManager.swift */; };
		F3F0928F99C9DDF238553A62 /* TextInsertionService.swift in Sources */ = {isa = PBXBuildFile; fileRef = 204766E3D89CCE3EC76D1DDE /* TextInsertionService.swift */; };
/* End PBXBuildFile section */

/* Begin PBXFileReference section */
		20282FD7D55B950A8211D235 /* ContentView.swift */ = {isa = PBXFileReference; lastKnownFileType = sourcecode.swift; path = ContentView.swift; sourceTree = "<group>"; };
		204766E3D89CCE3EC76D1DDE /* TextInsertionService.swift */ = {isa = PBXFileReference; lastKnownFileType = sourcecode.swift; path = TextInsertionService.swift; sourceTree = "<group>"; };
		31035E3696B36157ED2FD215 /* SwipeEngineBridge.swift */ = {isa = PBXFileReference; lastKnownFileType = sourcecode.swift; path = SwipeEngineBridge.swift; sourceTree = "<group>"; };
		54B48C138D89A4BC36E661DE /* AppState.swift */ = {isa = PBXFileReference; lastKnownFileType = sourcecode.swift; path = AppState.swift; sourceTree = "<group>"; };
		9919D2D9E613F43206C2CB4C /* SwipeTypeMac.app */ = {isa = PBXFileReference; explicitFileType = wrapper.application; includeInIndex = 0; path = SwipeTypeMac.app; sourceTree = BUILT_PRODUCTS_DIR; };
		9B7421D5A3F3AD3FC7BC74B2 /* SwipeEngine.h */ = {isa = PBXFileReference; lastKnownFileType = sourcecode.c.h; path = SwipeEngine.h; sourceTree = "<group>"; };
		9D6FA1BACB55D93ED03F5355 /* AppDelegate.swift */ = {isa = PBXFileReference; lastKnownFileType = sourcecode.swift; path = AppDelegate.swift; sourceTree = "<group>"; };
		A8413820BB41A23AD79E540E /* OverlayPanel.swift */ = {isa = PBXFileReference; lastKnownFileType = sourcecode.swift; path = OverlayPanel.swift; sourceTree = "<group>"; };
		E1D0687D5C8C916E1262E146 /* SwipeTypeMacApp.swift */ = {isa = PBXFileReference; lastKnownFileType = sourcecode.swift; path = SwipeTypeMacApp.swift; sourceTree = "<group>"; };
		F38525FB89AFF5F9856CCD7F /* PermissionManager.swift */ = {isa = PBXFileReference; lastKnownFileType = sourcecode.swift; path = PermissionManager.swift; sourceTree = "<group>"; };
		FC766E5C49DA46CAE662F7F8 /* word_freq.txt */ = {isa = PBXFileReference; lastKnownFileType = text; path = word_freq.txt; sourceTree = "<group>"; };
/* End PBXFileReference section */

/* Begin PBXGroup section */
		47598EF322CE31F1FD44471B /* Engine */ = {
			isa = PBXGroup;
			children = (
				9B7421D5A3F3AD3FC7BC74B2 /* SwipeEngine.h */,
				31035E3696B36157ED2FD215 /* SwipeEngineBridge.swift */,
			);
			path = Engine;
			sourceTree = "<group>";
		};
		48AB5F330AAED836B30FC8A5 /* swipeType */ = {
			isa = PBXGroup;
			children = (
				FC766E5C49DA46CAE662F7F8 /* word_freq.txt */,
			);
			name = swipeType;
			path = ../..;
			sourceTree = "<group>";
		};
		4ED81943D547C9453E138696 /* Views */ = {
			isa = PBXGroup;
			children = (
				20282FD7D55B950A8211D235 /* ContentView.swift */,
				A8413820BB41A23AD79E540E /* OverlayPanel.swift */,
			);
			path = Views;
			sourceTree = "<group>";
		};
		5D7E62C95EF289C9495B79B7 /* SwipeTypeMac */ = {
			isa = PBXGroup;
			children = (
				CF99D08E9611AD349EB6BE06 /* App */,
				47598EF322CE31F1FD44471B /* Engine */,
				93AC752FD82A5FA0FB7A3C25 /* Services */,
				4ED81943D547C9453E138696 /* Views */,
			);
			path = SwipeTypeMac;
			sourceTree = "<group>";
		};
		74E32ABD77CBBD153329A7FB /* Products */ = {
			isa = PBXGroup;
			children = (
				9919D2D9E613F43206C2CB4C /* SwipeTypeMac.app */,
			);
			name = Products;
			sourceTree = "<group>";
		};
		93AC752FD82A5FA0FB7A3C25 /* Services */ = {
			isa = PBXGroup;
			children = (
				F38525FB89AFF5F9856CCD7F /* PermissionManager.swift */,
				204766E3D89CCE3EC76D1DDE /* TextInsertionService.swift */,
			);
			path = Services;
			sourceTree = "<group>";
		};
		9AA699FAEE0C66BC742C21D1 /* Sources */ = {
			isa = PBXGroup;
			children = (
				5D7E62C95EF289C9495B79B7 /* SwipeTypeMac */,
			);
			path = Sources;
			sourceTree = "<group>";
		};
		CF99D08E9611AD349EB6BE06 /* App */ = {
			isa = PBXGroup;
			children = (
				9D6FA1BACB55D93ED03F5355 /* AppDelegate.swift */,
				54B48C138D89A4BC36E661DE /* AppState.swift */,
				E1D0687D5C8C916E1262E146 /* SwipeTypeMacApp.swift */,
			);
			path = App;
			sourceTree = "<group>";
		};
		D53561C21D686A20DBB46800 = {
			isa = PBXGroup;
			children = (
				9AA699FAEE0C66BC742C21D1 /* Sources */,
				48AB5F330AAED836B30FC8A5 /* swipeType */,
				74E32ABD77CBBD153329A7FB /* Products */,
			);
			sourceTree = "<group>";
		};
/* End PBXGroup section */

/* Begin PBXNativeTarget section */
		7190A717D8E86C91E404E8E5 /* SwipeTypeMac */ = {
			isa = PBXNativeTarget;
			buildConfigurationList = ABF2139338AD47E5733CEDEA /* Build configuration list for PBXNativeTarget "SwipeTypeMac" */;
			buildPhases = (
				88BDC10FF64CBB4F690EF78C /* Sources */,
				25B6EC4F2D56BF08CB345C89 /* Resources */,
			);
			buildRules = (
			);
			dependencies = (
			);
			name = SwipeTypeMac;
			packageProductDependencies = (
			);
			productName = SwipeTypeMac;
			productReference = 9919D2D9E613F43206C2CB4C /* SwipeTypeMac.app */;
			productType = "com.apple.product-type.application";
		};
/* End PBXNativeTarget section */

/* Begin PBXProject section */
		DD5C1D1BFAF166CC30EEE233 /* Project object */ = {
			isa = PBXProject;
			attributes = {
				BuildIndependentTargetsInParallel = YES;
				LastUpgradeCheck = 1500;
				TargetAttributes = {
					7190A717D8E86C91E404E8E5 = {
						DevelopmentTeam = "";
						ProvisioningStyle = Automatic;
					};
				};
			};
			buildConfigurationList = 678EF211C9D0D2CDD49E1FBD /* Build configuration list for PBXProject "SwipeTypeMac" */;
			compatibilityVersion = "Xcode 14.0";
			developmentRegion = en;
			hasScannedForEncodings = 0;
			knownRegions = (
				Base,
				en,
			);
			mainGroup = D53561C21D686A20DBB46800;
			minimizedProjectReferenceProxies = 1;
			preferredProjectObjectVersion = 77;
			projectDirPath = "";
			projectRoot = "";
			targets = (
				7190A717D8E86C91E404E8E5 /* SwipeTypeMac */,
			);
		};
/* End PBXProject section */

/* Begin PBXResourcesBuildPhase section */
		25B6EC4F2D56BF08CB345C89 /* Resources */ = {
			isa = PBXResourcesBuildPhase;
			buildActionMask = 2147483647;
			files = (
				AE6DA318FDCFFEE7BBA728E6 /* word_freq.txt in Resources */,
			);
			runOnlyForDeploymentPostprocessing = 0;
		};
/* End PBXResourcesBuildPhase section */

/* Begin PBXSourcesBuildPhase section */
		88BDC10FF64CBB4F690EF78C /* Sources */ = {
			isa = PBXSourcesBuildPhase;
			buildActionMask = 2147483647;
			files = (
				451962E68DE52F18FEBBC1AA /* AppDelegate.swift in Sources */,
				BABF4F277C8539BD58DDB996 /* AppState.swift in Sources */,
				D9217F2E4A649537A3B13581 /* ContentView.swift in Sources */,
				03965E8AAC59E3353DC140BC /* OverlayPanel.swift in Sources */,
				F1B6F6500CAAFF4FDA06EE53 /* PermissionManager.swift in Sources */,
				7CE656C6F0CDC5D6BEE0D313 /* SwipeEngineBridge.swift in Sources */,
				4A6D9404169318FCA429D03D /* SwipeTypeMacApp.swift in Sources */,
				F3F0928F99C9DDF238553A62 /* TextInsertionService.swift in Sources */,
			);
			runOnlyForDeploymentPostprocessing = 0;
		};
/* End PBXSourcesBuildPhase section */

/* Begin XCBuildConfiguration section */
		3CED04FAE1F06E50136CBE6E /* Release */ = {
			isa = XCBuildConfiguration;
			buildSettings = {
				ALWAYS_SEARCH_USER_PATHS = NO;
				CLANG_ANALYZER_NONNULL = YES;
				CLANG_ANALYZER_NUMBER_OBJECT_CONVERSION = YES_AGGRESSIVE;
				CLANG_CXX_LANGUAGE_STANDARD = "gnu++14";
				CLANG_CXX_LIBRARY = "libc++";
				CLANG_ENABLE_MODULES = YES;
				CLANG_ENABLE_OBJC_ARC = YES;
				CLANG_ENABLE_OBJC_WEAK = YES;
				CLANG_WARN_BLOCK_CAPTURE_AUTORELEASING = YES;
				CLANG_WARN_BOOL_CONVERSION = YES;
				CLANG_WARN_COMMA = YES;
				CLANG_WARN_CONSTANT_CONVERSION = YES;
				CLANG_WARN_DEPRECATED_OBJC_IMPLEMENTATIONS = YES;
				CLANG_WARN_DIRECT_OBJC_ISA_USAGE = YES_ERROR;
				CLANG_WARN_DOCUMENTATION_COMMENTS = YES;
				CLANG_WARN_EMPTY_BODY = YES;
				CLANG_WARN_ENUM_CONVERSION = YES;
				CLANG_WARN_INFINITE_RECURSION = YES;
				CLANG_WARN_INT_CONVERSION = YES;
				CLANG_WARN_NON_LITERAL_NULL_CONVERSION = YES;
				CLANG_WARN_OBJC_IMPLICIT_RETAIN_SELF = YES;
				CLANG_WARN_OBJC_LITERAL_CONVERSION = YES;
				CLANG_WARN_OBJC_ROOT_CLASS = YES_ERROR;
				CLANG_WARN_QUOTED_INCLUDE_IN_FRAMEWORK_HEADER = YES;
				CLANG_WARN_RANGE_LOOP_ANALYSIS = YES;
				CLANG_WARN_STRICT_PROTOTYPES = YES;
				CLANG_WARN_SUSPICIOUS_MOVE = YES;
				CLANG_WARN_UNGUARDED_AVAILABILITY = YES_AGGRESSIVE;
				CLANG_WARN_UNREACHABLE_CODE = YES;
				CLANG_WARN__DUPLICATE_METHOD_MATCH = YES;
				CODE_SIGN_IDENTITY = "-";
				CODE_SIGN_STYLE = Automatic;
				COPY_PHASE_STRIP = NO;
				CURRENT_PROJECT_VERSION = 1;
				DEBUG_INFORMATION_FORMAT = "dwarf-with-dsym";
				DEVELOPMENT_TEAM = "";
				ENABLE_HARDENED_RUNTIME = YES;
				ENABLE_NS_ASSERTIONS = NO;
				ENABLE_STRICT_OBJC_MSGSEND = YES;
				GCC_C_LANGUAGE_STANDARD = gnu11;
				GCC_NO_COMMON_BLOCKS = YES;
				GCC_WARN_64_TO_32_BIT_CONVERSION = YES;
				GCC_WARN_ABOUT_RETURN_TYPE = YES_ERROR;
				GCC_WARN_UNDECLARED_SELECTOR = YES;
				GCC_WARN_UNINITIALIZED_AUTOS = YES_AGGRESSIVE;
				GCC_WARN_UNUSED_FUNCTION = YES;
				GCC_WARN_UNUSED_VARIABLE = YES;
				MACOSX_DEPLOYMENT_TARGET = 13.0;
				MARKETING_VERSION = 1.0.0;
				MTL_ENABLE_DEBUG_INFO = NO;
				MTL_FAST_MATH = YES;
				PRODUCT_NAME = SwipeType;
				SDKROOT = macosx;
				SWIFT_COMPILATION_MODE = wholemodule;
				SWIFT_OPTIMIZATION_LEVEL = "-O";
				SWIFT_VERSION = 5.9;
			};
			name = Release;
		};
		6E6600DC785196B6AA3B62AD /* Debug */ = {
			isa = XCBuildConfiguration;
			buildSettings = {
				ALWAYS_SEARCH_USER_PATHS = NO;
				CLANG_ANALYZER_NONNULL = YES;
				CLANG_ANALYZER_NUMBER_OBJECT_CONVERSION = YES_AGGRESSIVE;
				CLANG_CXX_LANGUAGE_STANDARD = "gnu++14";
				CLANG_CXX_LIBRARY = "libc++";
				CLANG_ENABLE_MODULES = YES;
				CLANG_ENABLE_OBJC_ARC = YES;
				CLANG_ENABLE_OBJC_WEAK = YES;
				CLANG_WARN_BLOCK_CAPTURE_AUTORELEASING = YES;
				CLANG_WARN_BOOL_CONVERSION = YES;
				CLANG_WARN_COMMA = YES;
				CLANG_WARN_CONSTANT_CONVERSION = YES;
				CLANG_WARN_DEPRECATED_OBJC_IMPLEMENTATIONS = YES;
				CLANG_WARN_DIRECT_OBJC_ISA_USAGE = YES_ERROR;
				CLANG_WARN_DOCUMENTATION_COMMENTS = YES;
				CLANG_WARN_EMPTY_BODY = YES;
				CLANG_WARN_ENUM_CONVERSION = YES;
				CLANG_WARN_INFINITE_RECURSION = YES;
				CLANG_WARN_INT_CONVERSION = YES;
				CLANG_WARN_NON_LITERAL_NULL_CONVERSION = YES;
				CLANG_WARN_OBJC_IMPLICIT_RETAIN_SELF = YES;
				CLANG_WARN_OBJC_LITERAL_CONVERSION = YES;
				CLANG_WARN_OBJC_ROOT_CLASS = YES_ERROR;
				CLANG_WARN_QUOTED_INCLUDE_IN_FRAMEWORK_HEADER = YES;
				CLANG_WARN_RANGE_LOOP_ANALYSIS = YES;
				CLANG_WARN_STRICT_PROTOTYPES = YES;
				CLANG_WARN_SUSPICIOUS_MOVE = YES;
				CLANG_WARN_UNGUARDED_AVAILABILITY = YES_AGGRESSIVE;
				CLANG_WARN_UNREACHABLE_CODE = YES;
				CLANG_WARN__DUPLICATE_METHOD_MATCH = YES;
				CODE_SIGN_IDENTITY = "-";
				CODE_SIGN_STYLE = Automatic;
				COPY_PHASE_STRIP = NO;
				CURRENT_PROJECT_VERSION = 1;
				DEBUG_INFORMATION_FORMAT = dwarf;
				DEVELOPMENT_TEAM = "";
				ENABLE_HARDENED_RUNTIME = YES;
				ENABLE_STRICT_OBJC_MSGSEND = YES;
				ENABLE_TESTABILITY = YES;
				GCC_C_LANGUAGE_STANDARD = gnu11;
				GCC_DYNAMIC_NO_PIC = NO;
				GCC_NO_COMMON_BLOCKS = YES;
				GCC_OPTIMIZATION_LEVEL = 0;
				GCC_PREPROCESSOR_DEFINITIONS = (
					"$(inherited)",
					"DEBUG=1",
				);
				GCC_WARN_64_TO_32_BIT_CONVERSION = YES;
				GCC_WARN_ABOUT_RETURN_TYPE = YES_ERROR;
				GCC_WARN_UNDECLARED_SELECTOR = YES;
				GCC_WARN_UNINITIALIZED_AUTOS = YES_AGGRESSIVE;
				GCC_WARN_UNUSED_FUNCTION = YES;
				GCC_WARN_UNUSED_VARIABLE = YES;
				MACOSX_DEPLOYMENT_TARGET = 13.0;
				MARKETING_VERSION = 1.0.0;
				MTL_ENABLE_DEBUG_INFO = INCLUDE_SOURCE;
				MTL_FAST_MATH = YES;
				ONLY_ACTIVE_ARCH = YES;
				PRODUCT_NAME = SwipeType;
				SDKROOT = macosx;
				SWIFT_ACTIVE_COMPILATION_CONDITIONS = DEBUG;
				SWIFT_OPTIMIZATION_LEVEL = "-Onone";
				SWIFT_VERSION = 5.9;
			};
			name = Debug;
		};
		E3709CF564D136EA6381B4F4 /* Debug */ = {
			isa = XCBuildConfiguration;
			buildSettings = {
				ASSETCATALOG_COMPILER_APPICON_NAME = AppIcon;
				CODE_SIGN_ENTITLEMENTS = Support/SwipeTypeMac.entitlements;
				COMBINE_HIDPI_IMAGES = YES;
				INFOPLIST_FILE = Support/Info.plist;
				LD_RUNPATH_SEARCH_PATHS = (
					"@executable_path/../Frameworks",
				);
				LIBRARY_SEARCH_PATHS = (
					"$(PROJECT_DIR)/Rust",
				);
				OTHER_LDFLAGS = (
					"-lswipe_engine",
					"-framework Security",
					"-framework Carbon",
				);
				PRODUCT_BUNDLE_IDENTIFIER = com.swipetype.SwipeTypeMac;
				SDKROOT = macosx;
				SWIFT_OBJC_BRIDGING_HEADER = Sources/SwipeTypeMac/Engine/SwipeEngine.h;
			};
			name = Debug;
		};
		EE319F1930CA42CC8E146221 /* Release */ = {
			isa = XCBuildConfiguration;
			buildSettings = {
				ASSETCATALOG_COMPILER_APPICON_NAME = AppIcon;
				CODE_SIGN_ENTITLEMENTS = Support/SwipeTypeMac.entitlements;
				COMBINE_HIDPI_IMAGES = YES;
				INFOPLIST_FILE = Support/Info.plist;
				LD_RUNPATH_SEARCH_PATHS = (
					"@executable_path/../Frameworks",
				);
				LIBRARY_SEARCH_PATHS = (
					"$(PROJECT_DIR)/Rust",
				);
				OTHER_LDFLAGS = (
					"-lswipe_engine",
					"-framework Security",
					"-framework Carbon",
				);
				PRODUCT_BUNDLE_IDENTIFIER = com.swipetype.SwipeTypeMac;
				SDKROOT = macosx;
				SWIFT_OBJC_BRIDGING_HEADER = Sources/SwipeTypeMac/Engine/SwipeEngine.h;
			};
			name = Release;
		};
/* End XCBuildConfiguration section */

/* Begin XCConfigurationList section */
		678EF211C9D0D2CDD49E1FBD /* Build configuration list for PBXProject "SwipeTypeMac" */ = {
			isa = XCConfigurationList;
			buildConfigurations = (
				6E6600DC785196B6AA3B62AD /* Debug */,
				3CED04FAE1F06E50136CBE6E /* Release */,
			);
			defaultConfigurationIsVisible = 0;
			defaultConfigurationName = Debug;
		};
		ABF2139338AD47E5733CEDEA /* Build configuration list for PBXNativeTarget "SwipeTypeMac" */ = {
			isa = XCConfigurationList;
			buildConfigurations = (
				E3709CF564D136EA6381B4F4 /* Debug */,
				EE319F1930CA42CC8E146221 /* Release */,
			);
			defaultConfigurationIsVisible = 0;
			defaultConfigurationName = Debug;
		};
/* End XCConfigurationList section */
	};
	rootObject = DD5C1D1BFAF166CC30EEE233 /* Project object */;
}
